
Microsoft Visual Studio Solution File, Format Version 12.00
# Visual Studio Version 17
VisualStudioVersion = 17.11.35327.3
MinimumVisualStudioVersion = 10.0.40219.1
Project("{FAE04EC0-301F-11D3-BF4B-00C04F79EFBC}") = "LibraryConsole", "LibraryConsole\LibraryConsole.csproj", "{7715CF98-E5E8-43FE-8CE5-14649316C423}"
EndProject
Project("{FAE04EC0-301F-11D3-BF4B-00C04F79EFBC}") = "LibraryData", "LibraryData\LibraryData.csproj", "{946280B3-9EC6-40B7-9834-B58A1CC8610A}"
EndProject
Project("{FAE04EC0-301F-11D3-BF4B-00C04F79EFBC}") = "LibraryDomain", "LibraryDomain\LibraryDomain.csproj", "{53F03CD9-7F3A-4C50-BF8F-80C957A9F803}"
EndProject
Global
	GlobalSection(SolutionConfigurationPlatforms) = preSolution
		Debug|Any CPU = Debug|Any CPU
		Release|Any CPU = Release|Any CPU
	EndGlobalSection
	GlobalSection(ProjectConfigurationPlatforms) = postSolution
		{7715CF98-E5E8-43FE-8CE5-14649316C423}.Debug|Any CPU.ActiveCfg = Debug|Any CPU
		{7715CF98-E5E8-43FE-8CE5-14649316C423}.Debug|Any CPU.Build.0 = Debug|Any CPU
		{7715CF98-E5E8-43FE-8CE5-14649316C423}.Release|Any CPU.ActiveCfg = Release|Any CPU
		{7715CF98-E5E8-43FE-8CE5-14649316C423}.Release|Any CPU.Build.0 = Release|Any CPU
		{946280B3-9EC6-40B7-9834-B58A1CC8610A}.Debug|Any CPU.ActiveCfg = Debug|Any CPU
		{946280B3-9EC6-40B7-9834-B58A1CC8610A}.Debug|Any CPU.Build.0 = Debug|Any CPU
		{946280B3-9EC6-40B7-9834-B58A1CC8610A}.Release|Any CPU.ActiveCfg = Release|Any CPU
		{946280B3-9EC6-40B7-9834-B58A1CC8610A}.Release|Any CPU.Build.0 = Release|Any CPU
		{53F03CD9-7F3A-4C50-BF8F-80C957A9F803}.Debug|Any CPU.ActiveCfg = Debug|Any CPU
		{53F03CD9-7F3A-4C50-BF8F-80C957A9F803}.Debug|Any CPU.Build.0 = Debug|Any CPU
		{53F03CD9-7F3A-4C50-BF8F-80C957A9F803}.Release|Any CPU.ActiveCfg = Release|Any CPU
		{53F03CD9-7F3A-4C50-BF8F-80C957A9F803}.Release|Any CPU.Build.0 = Release|Any CPU
	EndGlobalSection
	GlobalSection(SolutionProperties) = preSolution
		HideSolutionNode = FALSE
	EndGlobalSection
	GlobalSection(ExtensibilityGlobals) = postSolution
		SolutionGuid = {9982058E-11AC-4321-A145-6DC78BBCCFE8}
	EndGlobalSection
EndGlobal
